
Microsoft Visual Studio Solution File, Format Version 12.00
# Visual Studio 15
VisualStudioVersion = 15.0.28307.421
MinimumVisualStudioVersion = 10.0.40219.1
Project("{FAE04EC0-301F-11D3-BF4B-00C04F79EFBC}") = "Parni_Chusla", "Parni_Chusla\Parni_Chusla.csproj", "{3621ED7E-2924-471F-A0AA-740CDA87D774}"
EndProject
Project("{FAE04EC0-301F-11D3-BF4B-00C04F79EFBC}") = "Random_choice", "Random_choice\Random_choice.csproj", "{D009986A-0F8C-491E-92D5-E7CA2185E029}"
EndProject
Project("{FAE04EC0-301F-11D3-BF4B-00C04F79EFBC}") = "Random_Choise2", "Random_Choise2\Random_Choise2.csproj", "{860482A6-6A40-40C9-BE10-D5F9901E03C9}"
EndProject
Project("{FAE04EC0-301F-11D3-BF4B-00C04F79EFBC}") = "Test_2", "Test_2\Test_2.csproj", "{30F8DE00-7664-4127-82A1-50E367E2C51F}"
EndProject
Project("{FAE04EC0-301F-11D3-BF4B-00C04F79EFBC}") = "CSharpLight task_3.2.5", "CSharpLight task_3.2.5\CSharpLight task_3.2.5.csproj", "{98298E26-92F1-490E-BB53-E5D9BBBB67F5}"
EndProject
Project("{FAE04EC0-301F-11D3-BF4B-00C04F79EFBC}") = "Tasck_325", "Tasck_325\Tasck_325.csproj", "{5D4639BA-6C93-419E-95C4-37B0DC4CDECB}"
EndProject
Project("{FAE04EC0-301F-11D3-BF4B-00C04F79EFBC}") = "Methods_1_6", "Methods_1_6\Methods_1_6.csproj", "{1C6A469B-A020-4A09-A1E5-DD28D2F9B12C}"
EndProject
Project("{FAE04EC0-301F-11D3-BF4B-00C04F79EFBC}") = "Serch_Sumbol", "Serch_Sumbol\Serch_Sumbol.csproj", "{E4A365A6-440D-4536-8805-CE6A0BF81A0B}"
EndProject
Project("{FAE04EC0-301F-11D3-BF4B-00C04F79EFBC}") = "Search_Sumbol_2", "Search_Sumbol_2\Search_Sumbol_2.csproj", "{7AB3A40B-40CA-4F65-8195-4A6E27AF2073}"
EndProject
Project("{FAE04EC0-301F-11D3-BF4B-00C04F79EFBC}") = "Class1", "Class1\Class1.csproj", "{8264662A-469E-4A1F-8CAB-8E93BDE5F5C5}"
EndProject
Project("{FAE04EC0-301F-11D3-BF4B-00C04F79EFBC}") = "Number_of_happy_tickets", "Number_of_happy_tickets\Number_of_happy_tickets.csproj", "{D3603D72-9A87-474B-9E4A-F942BB6D4BA9}"
EndProject
Project("{9A19103F-16F7-4668-BE54-9A1E7A4F7556}") = "Kvadrat_NxN", "Kvadrat_NxN\Kvadrat_NxN.csproj", "{A27B7B23-3ADC-4612-88EC-3D2ABA7418A3}"
EndProject
Project("{9A19103F-16F7-4668-BE54-9A1E7A4F7556}") = "Separator", "Separator\Separator.csproj", "{1FC9107E-3C70-4B19-BFBC-E9E8B4851FD0}"
EndProject
Project("{FAE04EC0-301F-11D3-BF4B-00C04F79EFBC}") = "Test", "Test\Test.csproj", "{7D9BAED7-41AB-4513-92D7-DE6018CB60F8}"
EndProject
Global
	GlobalSection(SolutionConfigurationPlatforms) = preSolution
		Debug|Any CPU = Debug|Any CPU
		Release|Any CPU = Release|Any CPU
	EndGlobalSection
	GlobalSection(ProjectConfigurationPlatforms) = postSolution
		{3621ED7E-2924-471F-A0AA-740CDA87D774}.Debug|Any CPU.ActiveCfg = Debug|Any CPU
		{3621ED7E-2924-471F-A0AA-740CDA87D774}.Debug|Any CPU.Build.0 = Debug|Any CPU
		{3621ED7E-2924-471F-A0AA-740CDA87D774}.Release|Any CPU.ActiveCfg = Release|Any CPU
		{3621ED7E-2924-471F-A0AA-740CDA87D774}.Release|Any CPU.Build.0 = Release|Any CPU
		{D009986A-0F8C-491E-92D5-E7CA2185E029}.Debug|Any CPU.ActiveCfg = Debug|Any CPU
		{D009986A-0F8C-491E-92D5-E7CA2185E029}.Debug|Any CPU.Build.0 = Debug|Any CPU
		{D009986A-0F8C-491E-92D5-E7CA2185E029}.Release|Any CPU.ActiveCfg = Release|Any CPU
		{D009986A-0F8C-491E-92D5-E7CA2185E029}.Release|Any CPU.Build.0 = Release|Any CPU
		{860482A6-6A40-40C9-BE10-D5F9901E03C9}.Debug|Any CPU.ActiveCfg = Debug|Any CPU
		{860482A6-6A40-40C9-BE10-D5F9901E03C9}.Debug|Any CPU.Build.0 = Debug|Any CPU
		{860482A6-6A40-40C9-BE10-D5F9901E03C9}.Release|Any CPU.ActiveCfg = Release|Any CPU
		{860482A6-6A40-40C9-BE10-D5F9901E03C9}.Release|Any CPU.Build.0 = Release|Any CPU
		{30F8DE00-7664-4127-82A1-50E367E2C51F}.Debug|Any CPU.ActiveCfg = Debug|Any CPU
		{30F8DE00-7664-4127-82A1-50E367E2C51F}.Debug|Any CPU.Build.0 = Debug|Any CPU
		{30F8DE00-7664-4127-82A1-50E367E2C51F}.Release|Any CPU.ActiveCfg = Release|Any CPU
		{30F8DE00-7664-4127-82A1-50E367E2C51F}.Release|Any CPU.Build.0 = Release|Any CPU
		{98298E26-92F1-490E-BB53-E5D9BBBB67F5}.Debug|Any CPU.ActiveCfg = Debug|Any CPU
		{98298E26-92F1-490E-BB53-E5D9BBBB67F5}.Debug|Any CPU.Build.0 = Debug|Any CPU
		{98298E26-92F1-490E-BB53-E5D9BBBB67F5}.Release|Any CPU.ActiveCfg = Release|Any CPU
		{98298E26-92F1-490E-BB53-E5D9BBBB67F5}.Release|Any CPU.Build.0 = Release|Any CPU
		{5D4639BA-6C93-419E-95C4-37B0DC4CDECB}.Debug|Any CPU.ActiveCfg = Debug|Any CPU
		{5D4639BA-6C93-419E-95C4-37B0DC4CDECB}.Debug|Any CPU.Build.0 = Debug|Any CPU
		{5D4639BA-6C93-419E-95C4-37B0DC4CDECB}.Release|Any CPU.ActiveCfg = Release|Any CPU
		{5D4639BA-6C93-419E-95C4-37B0DC4CDECB}.Release|Any CPU.Build.0 = Release|Any CPU
		{1C6A469B-A020-4A09-A1E5-DD28D2F9B12C}.Debug|Any CPU.ActiveCfg = Debug|Any CPU
		{1C6A469B-A020-4A09-A1E5-DD28D2F9B12C}.Debug|Any CPU.Build.0 = Debug|Any CPU
		{1C6A469B-A020-4A09-A1E5-DD28D2F9B12C}.Release|Any CPU.ActiveCfg = Release|Any CPU
		{1C6A469B-A020-4A09-A1E5-DD28D2F9B12C}.Release|Any CPU.Build.0 = Release|Any CPU
		{E4A365A6-440D-4536-8805-CE6A0BF81A0B}.Debug|Any CPU.ActiveCfg = Debug|Any CPU
		{E4A365A6-440D-4536-8805-CE6A0BF81A0B}.Debug|Any CPU.Build.0 = Debug|Any CPU
		{E4A365A6-440D-4536-8805-CE6A0BF81A0B}.Release|Any CPU.ActiveCfg = Release|Any CPU
		{E4A365A6-440D-4536-8805-CE6A0BF81A0B}.Release|Any CPU.Build.0 = Release|Any CPU
		{7AB3A40B-40CA-4F65-8195-4A6E27AF2073}.Debug|Any CPU.ActiveCfg = Debug|Any CPU
		{7AB3A40B-40CA-4F65-8195-4A6E27AF2073}.Debug|Any CPU.Build.0 = Debug|Any CPU
		{7AB3A40B-40CA-4F65-8195-4A6E27AF2073}.Release|Any CPU.ActiveCfg = Release|Any CPU
		{7AB3A40B-40CA-4F65-8195-4A6E27AF2073}.Release|Any CPU.Build.0 = Release|Any CPU
		{8264662A-469E-4A1F-8CAB-8E93BDE5F5C5}.Debug|Any CPU.ActiveCfg = Debug|Any CPU
		{8264662A-469E-4A1F-8CAB-8E93BDE5F5C5}.Debug|Any CPU.Build.0 = Debug|Any CPU
		{8264662A-469E-4A1F-8CAB-8E93BDE5F5C5}.Release|Any CPU.ActiveCfg = Release|Any CPU
		{8264662A-469E-4A1F-8CAB-8E93BDE5F5C5}.Release|Any CPU.Build.0 = Release|Any CPU
		{D3603D72-9A87-474B-9E4A-F942BB6D4BA9}.Debug|Any CPU.ActiveCfg = Debug|Any CPU
		{D3603D72-9A87-474B-9E4A-F942BB6D4BA9}.Debug|Any CPU.Build.0 = Debug|Any CPU
		{D3603D72-9A87-474B-9E4A-F942BB6D4BA9}.Release|Any CPU.ActiveCfg = Release|Any CPU
		{D3603D72-9A87-474B-9E4A-F942BB6D4BA9}.Release|Any CPU.Build.0 = Release|Any CPU
		{A27B7B23-3ADC-4612-88EC-3D2ABA7418A3}.Debug|Any CPU.ActiveCfg = Debug|Any CPU
		{A27B7B23-3ADC-4612-88EC-3D2ABA7418A3}.Debug|Any CPU.Build.0 = Debug|Any CPU
		{A27B7B23-3ADC-4612-88EC-3D2ABA7418A3}.Release|Any CPU.ActiveCfg = Release|Any CPU
		{A27B7B23-3ADC-4612-88EC-3D2ABA7418A3}.Release|Any CPU.Build.0 = Release|Any CPU
		{1FC9107E-3C70-4B19-BFBC-E9E8B4851FD0}.Debug|Any CPU.ActiveCfg = Debug|Any CPU
		{1FC9107E-3C70-4B19-BFBC-E9E8B4851FD0}.Debug|Any CPU.Build.0 = Debug|Any CPU
		{1FC9107E-3C70-4B19-BFBC-E9E8B4851FD0}.Release|Any CPU.ActiveCfg = Release|Any CPU
		{1FC9107E-3C70-4B19-BFBC-E9E8B4851FD0}.Release|Any CPU.Build.0 = Release|Any CPU
		{7D9BAED7-41AB-4513-92D7-DE6018CB60F8}.Debug|Any CPU.ActiveCfg = Debug|Any CPU
		{7D9BAED7-41AB-4513-92D7-DE6018CB60F8}.Debug|Any CPU.Build.0 = Debug|Any CPU
		{7D9BAED7-41AB-4513-92D7-DE6018CB60F8}.Release|Any CPU.ActiveCfg = Release|Any CPU
		{7D9BAED7-41AB-4513-92D7-DE6018CB60F8}.Release|Any CPU.Build.0 = Release|Any CPU
	EndGlobalSection
	GlobalSection(SolutionProperties) = preSolution
		HideSolutionNode = FALSE
	EndGlobalSection
	GlobalSection(ExtensibilityGlobals) = postSolution
		SolutionGuid = {D4BDEBE9-0833-4828-942F-ED6AA89A4A61}
	EndGlobalSection
EndGlobal
